// !$*UTF8*$!
{
	archiveVersion = 1;
	classes = {
	};
	objectVersion = 46;
	objects = {

/* Begin PBXBuildFile section */
		121142D51DC0813300396DDB /* AppDelegate.m in Sources */ = {isa = PBXBuildFile; fileRef = 121142D41DC0813300396DDB /* AppDelegate.m */; };
		121142D81DC0813300396DDB /* main.m in Sources */ = {isa = PBXBuildFile; fileRef = 121142D71DC0813300396DDB /* main.m */; };
		121142DD1DC0813300396DDB /* Assets.xcassets in Resources */ = {isa = PBXBuildFile; fileRef = 121142DC1DC0813300396DDB /* Assets.xcassets */; };
		121142E01DC0813300396DDB /* Main.storyboard in Resources */ = {isa = PBXBuildFile; fileRef = 121142DE1DC0813300396DDB /* Main.storyboard */; };
		12519D441DC0A23A002AE4EE /* EventMonitor.m in Sources */ = {isa = PBXBuildFile; fileRef = 12519D431DC0A23A002AE4EE /* EventMonitor.m */; };
/* End PBXBuildFile section */

/* Begin PBXFileReference section */
		121142D01DC0813300396DDB /* StatusBarDemo.app */ = {isa = PBXFileReference; explicitFileType = wrapper.application; includeInIndex = 0; path = StatusBarDemo.app; sourceTree = BUILT_PRODUCTS_DIR; };
		121142D31DC0813300396DDB /* AppDelegate.h */ = {isa = PBXFileReference; lastKnownFileType = sourcecode.c.h; path = AppDelegate.h; sourceTree = "<group>"; };
		121142D41DC0813300396DDB /* AppDelegate.m */ = {isa = PBXFileReference; lastKnownFileType = sourcecode.c.objc; path = AppDelegate.m; sourceTree = "<group>"; };
		121142D71DC0813300396DDB /* main.m */ = {isa = PBXFileReference; lastKnownFileType = sourcecode.c.objc; path = main.m; sourceTree = "<group>"; };
		121142DC1DC0813300396DDB /* Assets.xcassets */ = {isa = PBXFileReference; lastKnownFileType = folder.assetcatalog; path = Assets.xcassets; sourceTree = "<group>"; };
		121142DF1DC0813300396DDB /* Base */ = {isa = PBXFileReference; lastKnownFileType = file.storyboard; name = Base; path = Base.lproj/Main.storyboard; sourceTree = "<group>"; };
		121142E11DC0813300396DDB /* Info.plist */ = {isa = PBXFileReference; lastKnownFileType = text.plist.xml; path = Info.plist; sourceTree = "<group>"; };
		12519D421DC0A23A002AE4EE /* EventMonitor.h */ = {isa = PBXFileReference; fileEncoding = 4; lastKnownFileType = sourcecode.c.h; path = EventMonitor.h; sourceTree = "<group>"; };
		12519D431DC0A23A002AE4EE /* EventMonitor.m */ = {isa = PBXFileReference; fileEncoding = 4; lastKnownFileType = sourcecode.c.objc; path = EventMonitor.m; sourceTree = "<group>"; };
/* End PBXFileReference section */

/* Begin PBXFrameworksBuildPhase section */
		121142CD1DC0813300396DDB /* Frameworks */ = {
			isa = PBXFrameworksBuildPhase;
			buildActionMask = 2147483647;
			files = (
			);
			runOnlyForDeploymentPostprocessing = 0;
		};
/* End PBXFrameworksBuildPhase section */

/* Begin PBXGroup section */
		121142C71DC0813300396DDB = {
			isa = PBXGroup;
			children = (
				121142D21DC0813300396DDB /* StatusBarDemo */,
				121142D11DC0813300396DDB /* Products */,
			);
			sourceTree = "<group>";
		};
		121142D11DC0813300396DDB /* Products */ = {
			isa = PBXGroup;
			children = (
				121142D01DC0813300396DDB /* StatusBarDemo.app */,
			);
			name = Products;
			sourceTree = "<group>";
		};
		121142D21DC0813300396DDB /* StatusBarDemo */ = {
			isa = PBXGroup;
			children = (
				121142D31DC0813300396DDB /* AppDelegate.h */,
				121142D41DC0813300396DDB /* AppDelegate.m */,
				12519D421DC0A23A002AE4EE /* EventMonitor.h */,
				12519D431DC0A23A002AE4EE /* EventMonitor.m */,
				121142DC1DC0813300396DDB /* Assets.xcassets */,
				121142DE1DC0813300396DDB /* Main.storyboard */,
				121142E11DC0813300396DDB /* Info.plist */,
				121142D61DC0813300396DDB /* Supporting Files */,
			);
			path = StatusBarDemo;
			sourceTree = "<group>";
		};
		121142D61DC0813300396DDB /* Supporting Files */ = {
			isa = PBXGroup;
			children = (
				121142D71DC0813300396DDB /* main.m */,
			);
			name = "Supporting Files";
			sourceTree = "<group>";
		};
/* End PBXGroup section */

/* Begin PBXNativeTarget section */
		121142CF1DC0813300396DDB /* StatusBarDemo */ = {
			isa = PBXNativeTarget;
			buildConfigurationList = 121142E41DC0813300396DDB /* Build configuration list for PBXNativeTarget "StatusBarDemo" */;
			buildPhases = (
				121142CC1DC0813300396DDB /* Sources */,
				121142CD1DC0813300396DDB /* Frameworks */,
				121142CE1DC0813300396DDB /* Resources */,
			);
			buildRules = (
			);
			dependencies = (
			);
			name = StatusBarDemo;
			productName = StatusBarDemo;
			productReference = 121142D01DC0813300396DDB /* StatusBarDemo.app */;
			productType = "com.apple.product-type.application";
		};
/* End PBXNativeTarget section */

/* Begin PBXProject section */
		121142C81DC0813300396DDB /* Project object */ = {
			isa = PBXProject;
			attributes = {
				LastUpgradeCheck = 0800;
				ORGANIZATIONNAME = xiaopin;
				TargetAttributes = {
					121142CF1DC0813300396DDB = {
						CreatedOnToolsVersion = 8.0;
						ProvisioningStyle = Automatic;
					};
				};
			};
			buildConfigurationList = 121142CB1DC0813300396DDB /* Build configuration list for PBXProject "StatusBarDemo" */;
			compatibilityVersion = "Xcode 3.2";
			developmentRegion = English;
			hasScannedForEncodings = 0;
			knownRegions = (
				en,
				Base,
			);
			mainGroup = 121142C71DC0813300396DDB;
			productRefGroup = 121142D11DC0813300396DDB /* Products */;
			projectDirPath = "";
			projectRoot = "";
			targets = (
				121142CF1DC0813300396DDB /* StatusBarDemo */,
			);
		};
/* End PBXProject section */

/* Begin PBXResourcesBuildPhase section */
		121142CE1DC0813300396DDB /* Resources */ = {
			isa = PBXResourcesBuildPhase;
			buildActionMask = 2147483647;
			files = (
				121142DD1DC0813300396DDB /* Assets.xcassets in Resources */,
				121142E01DC0813300396DDB /* Main.storyboard in Resources */,
			);
			runOnlyForDeploymentPostprocessing = 0;
		};
/* End PBXResourcesBuildPhase section */

/* Begin PBXSourcesBuildPhase section */
		121142CC1DC0813300396DDB /* Sources */ = {
			isa = PBXSourcesBuildPhase;
			buildActionMask = 2147483647;
			files = (
				121142D81DC0813300396DDB /* main.m in Sources */,
				121142D51DC0813300396DDB /* AppDelegate.m in Sources */,
				12519D441DC0A23A002AE4EE /* EventMonitor.m in Sources */,
			);
			runOnlyForDeploymentPostprocessing = 0;
		};
/* End PBXSourcesBuildPhase section */

/* Begin PBXVariantGroup section */
		121142DE1DC0813300396DDB /* Main.storyboard */ = {
			isa = PBXVariantGroup;
			children = (
				121142DF1DC0813300396DDB /* Base */,
			);
			name = Main.storyboard;
			sourceTree = "<group>";
		};
/* End PBXVariantGroup section */

/* Begin XCBuildConfiguration section */
		121142E21DC0813300396DDB /* Debug */ = {
			isa = XCBuildConfiguration;
			buildSettings = {
				ALWAYS_SEARCH_USER_PATHS = NO;
				CLANG_ANALYZER_NONNULL = YES;
				CLANG_CXX_LANGUAGE_STANDARD = "gnu++0x";
				CLANG_CXX_LIBRARY = "libc++";
				CLANG_ENABLE_MODULES = YES;
				CLANG_ENABLE_OBJC_ARC = YES;
				CLANG_WARN_BOOL_CONVERSION = YES;
				CLANG_WARN_CONSTANT_CONVERSION = YES;
				CLANG_WARN_DIRECT_OBJC_ISA_USAGE = YES_ERROR;
				CLANG_WARN_DOCUMENTATION_COMMENTS = YES;
				CLANG_WARN_EMPTY_BODY = YES;
				CLANG_WARN_ENUM_CONVERSION = YES;
				CLANG_WARN_INFINITE_RECURSION = YES;
				CLANG_WARN_INT_CONVERSION = YES;
				CLANG_WARN_OBJC_ROOT_CLASS = YES_ERROR;
				CLANG_WARN_SUSPICIOUS_MOVES = YES;
				CLANG_WARN_UNREACHABLE_CODE = YES;
				CLANG_WARN__DUPLICATE_METHOD_MATCH = YES;
				CODE_SIGN_IDENTITY = "-";
				COPY_PHASE_STRIP = NO;
				DEBUG_INFORMATION_FORMAT = dwarf;
				ENABLE_STRICT_OBJC_MSGSEND = YES;
				ENABLE_TESTABILITY = YES;
				GCC_C_LANGUAGE_STANDARD = gnu99;
				GCC_DYNAMIC_NO_PIC = NO;
				GCC_NO_COMMON_BLOCKS = YES;
				GCC_OPTIMIZATION_LEVEL = 0;
				GCC_PREPROCESSOR_DEFINITIONS = (
					"DEBUG=1",
					"$(inherited)",
				);
				GCC_WARN_64_TO_32_BIT_CONVERSION = YES;
				GCC_WARN_ABOUT_RETURN_TYPE = YES_ERROR;
				GCC_WARN_UNDECLARED_SELECTOR = YES;
				GCC_WARN_UNINITIALIZED_AUTOS = YES_AGGRESSIVE;
				GCC_WARN_UNUSED_FUNCTION = YES;
				GCC_WARN_UNUSED_VARIABLE = YES;
				MACOSX_DEPLOYMENT_TARGET = 10.12;
				MTL_ENABLE_DEBUG_INFO = YES;
				ONLY_ACTIVE_ARCH = YES;
				SDKROOT = macosx;
			};
			name = Debug;
		};
		121142E31DC0813300396DDB /* Release */ = {
			isa = XCBuildConfiguration;
			buildSettings = {
				ALWAYS_SEARCH_USER_PATHS = NO;
				CLANG_ANALYZER_NONNULL = YES;
				CLANG_CXX_LANGUAGE_STANDARD = "gnu++0x";
				CLANG_CXX_LIBRARY = "libc++";
				CLANG_ENABLE_MODULES = YES;
				CLANG_ENABLE_OBJC_ARC = YES;
				CLANG_WARN_BOOL_CONVERSION = YES;
				CLANG_WARN_CONSTANT_CONVERSION = YES;
				CLANG_WARN_DIRECT_OBJC_ISA_USAGE = YES_ERROR;
				CLANG_WARN_DOCUMENTATION_COMMENTS = YES;
				CLANG_WARN_EMPTY_BODY = YES;
				CLANG_WARN_ENUM_CONVERSION = YES;
				CLANG_WARN_INFINITE_RECURSION = YES;
				CLANG_WARN_INT_CONVERSION = YES;
				CLANG_WARN_OBJC_ROOT_CLASS = YES_ERROR;
				CLANG_WARN_SUSPICIOUS_MOVES = YES;
				CLANG_WARN_UNREACHABLE_CODE = YES;
				CLANG_WARN__DUPLICATE_METHOD_MATCH = YES;
				CODE_SIGN_IDENTITY = "-";
				COPY_PHASE_STRIP = NO;
				DEBUG_INFORMATION_FORMAT = "dwarf-with-dsym";
				ENABLE_NS_ASSERTIONS = NO;
				ENABLE_STRICT_OBJC_MSGSEND = YES;
				GCC_C_LANGUAGE_STANDARD = gnu99;
				GCC_NO_COMMON_BLOCKS = YES;
				GCC_WARN_64_TO_32_BIT_CONVERSION = YES;
				GCC_WARN_ABOUT_RETURN_TYPE = YES_ERROR;
				GCC_WARN_UNDECLARED_SELECTOR = YES;
				GCC_WARN_UNINITIALIZED_AUTOS = YES_AGGRESSIVE;
				GCC_WARN_UNUSED_FUNCTION = YES;
				GCC_WARN_UNUSED_VARIABLE = YES;
				MACOSX_DEPLOYMENT_TARGET = 10.12;
				MTL_ENABLE_DEBUG_INFO = NO;
				SDKROOT = macosx;
			};
			name = Release;
		};
		121142E51DC0813300396DDB /* Debug */ = {
			isa = XCBuildConfiguration;
			buildSettings = {
				ASSETCATALOG_COMPILER_APPICON_NAME = AppIcon;
				COMBINE_HIDPI_IMAGES = YES;
				INFOPLIST_FILE = StatusBarDemo/Info.plist;
				LD_RUNPATH_SEARCH_PATHS = "$(inherited) @executable_path/../Frameworks";
				MACOSX_DEPLOYMENT_TARGET = 10.10;
				PRODUCT_BUNDLE_IDENTIFIER = com.0daybug.StatusBarDemo;
				PRODUCT_NAME = "$(TARGET_NAME)";
			};
			name = Debug;
		};
		121142E61DC0813300396DDB /* Release */ = {
			isa = XCBuildConfiguration;
			buildSettings = {
				ASSETCATALOG_COMPILER_APPICON_NAME = AppIcon;
				COMBINE_HIDPI_IMAGES = YES;
				INFOPLIST_FILE = StatusBarDemo/Info.plist;
				LD_RUNPATH_SEARCH_PATHS = "$(inherited) @executable_path/../Frameworks";
				MACOSX_DEPLOYMENT_TARGET = 10.10;
				PRODUCT_BUNDLE_IDENTIFIER = com.0daybug.StatusBarDemo;
				PRODUCT_NAME = "$(TARGET_NAME)";
			};
			name = Release;
		};
/* End XCBuildConfiguration section */

/* Begin XCConfigurationList section */
		121142CB1DC0813300396DDB /* Build configuration list for PBXProject "StatusBarDemo" */ = {
			isa = XCConfigurationList;
			buildConfigurations = (
				121142E21DC0813300396DDB /* Debug */,
				121142E31DC0813300396DDB /* Release */,
			);
			defaultConfigurationIsVisible = 0;
			defaultConfigurationName = Release;
		};
		121142E41DC0813300396DDB /* Build configuration list for PBXNativeTarget "StatusBarDemo" */ = {
			isa = XCConfigurationList;
			buildConfigurations = (
				121142E51DC0813300396DDB /* Debug */,
				121142E61DC0813300396DDB /* Release */,
			);
			defaultConfigurationIsVisible = 0;
			defaultConfigurationName = Release;
		};
/* End XCConfigurationList section */
	};
	rootObject = 121142C81DC0813300396DDB /* Project object */;
}
